
Microsoft Visual Studio Solution File, Format Version 12.00
# Visual Studio Version 16
VisualStudioVersion = 16.0.30011.22
MinimumVisualStudioVersion = 10.0.40219.1
Project("{FAE04EC0-301F-11D3-BF4B-00C04F79EFBC}") = "TinyCRMConsole", "TinyCRMConsole.csproj", "{6623078B-2FCE-4326-A8AF-1AA6E1572FDC}"
EndProject
Global
	GlobalSection(SolutionConfigurationPlatforms) = preSolution
		Debug|Any CPU = Debug|Any CPU
		Release|Any CPU = Release|Any CPU
	EndGlobalSection
	GlobalSection(ProjectConfigurationPlatforms) = postSolution
		{6623078B-2FCE-4326-A8AF-1AA6E1572FDC}.Debug|Any CPU.ActiveCfg = Debug|Any CPU
		{6623078B-2FCE-4326-A8AF-1AA6E1572FDC}.Debug|Any CPU.Build.0 = Debug|Any CPU
		{6623078B-2FCE-4326-A8AF-1AA6E1572FDC}.Release|Any CPU.ActiveCfg = Release|Any CPU
		{6623078B-2FCE-4326-A8AF-1AA6E1572FDC}.Release|Any CPU.Build.0 = Release|Any CPU
	EndGlobalSection
	GlobalSection(SolutionProperties) = preSolution
		HideSolutionNode = FALSE
	EndGlobalSection
	GlobalSection(ExtensibilityGlobals) = postSolution
		SolutionGuid = {CC623BF0-B02F-4B09-88FC-3C0270DDB0AC}
	EndGlobalSection
EndGlobal
